<?xml version="1.0" encoding="utf-8"?>
<Project ToolsVersion="4.0" xmlns="http://schemas.microsoft.com/developer/msbuild/2003">
  <ItemGroup>
    <Filter Include="Source Files">
      <UniqueIdentifier>{90877482-e2cf-4aa0-91ec-cfadd4d313de}</UniqueIdentifier>
    </Filter>
    <Filter Include="Generated Files">
      <UniqueIdentifier>{5e354204-d30c-4190-baef-0ff0e1bd2a01}</UniqueIdentifier>
      <SourceControlFiles>False</SourceControlFiles>
    </Filter>
  </ItemGroup>
  <ItemGroup>
    <None Include="PingAtlServerps.def" />
  </ItemGroup>
  <ItemGroup>
    <ClCompile Include="PingAtlServer_i.c">
      <Filter>Generated Files</Filter>
    </ClCompile>
    <ClCompile Include="PingAtlServer_p.c">
      <Filter>Generated Files</Filter>
    </ClCompile>
    <ClCompile Include="dlldata.c">
      <Filter>Generated Files</Filter>
    </ClCompile>
  </ItemGroup>
</Project>